{
    "_readme": [
        "This file locks the dependencies of your project to a known state",
        "Read more about it at https://getcomposer.org/doc/01-basic-usage.md#composer-lock-the-lock-file",
        "This file is @generated automatically"
    ],
    "hash": "f78407a3e5a014deb5991c670f415aa0",
    "content-hash": "42bf547383e765e3ea7510322b346c8e",
    "packages": [
        {
            "name": "bcosca/fatfree",
            "version": "3.6.0",
            "source": {
                "type": "git",
                "url": "https://github.com/bcosca/fatfree.git",
                "reference": "2a2affd840a6365ae927a9cae9fa2dc756a837d7"
            },
            "dist": {
                "type": "zip",
                "url": "https://api.github.com/repos/bcosca/fatfree/zipball/2a2affd840a6365ae927a9cae9fa2dc756a837d7",
                "reference": "2a2affd840a6365ae927a9cae9fa2dc756a837d7",
                "shasum": ""
            },
            "require": {
                "php": ">=5.3.6"
            },
            "type": "library",
            "autoload": {
                "files": [
                    "lib/base.php"
                ]
            },
            "notification-url": "https://packagist.org/downloads/",
            "license": [
                "GPL-3.0"
            ],
            "description": "A powerful yet easy-to-use PHP micro-framework designed to help you build dynamic and robust Web applications - fast!",
            "homepage": "http://fatfreeframework.com/",
            "time": "2016-11-19 13:31:15"
        },
        {
            "name": "simple-validator/simple-validator",
            "version": "dev-master",
            "source": {
                "type": "git",
                "url": "https://github.com/cangelis/simple-validator.git",
                "reference": "7a8f1d66a9d6a03826652d76589ed3f63e48f8ed"
            },
            "dist": {
                "type": "zip",
                "url": "https://api.github.com/repos/cangelis/simple-validator/zipball/7a8f1d66a9d6a03826652d76589ed3f63e48f8ed",
                "reference": "7a8f1d66a9d6a03826652d76589ed3f63e48f8ed",
                "shasum": ""
            },
            "require": {
                "php": ">=5.3.0"
            },
            "type": "library",
            "autoload": {
                "psr-0": {
                    "SimpleValidator\\": "src/"
                }
            },
            "notification-url": "https://packagist.org/downloads/",
            "license": [
                "MIT"
            ],
            "authors": [
                {
                    "name": "Can Geliş",
                    "email": "geliscan@gmail.com"
                }
            ],
            "description": "Yet another validation class for PHP",
            "time": "2015-07-11 12:39:16"
        },
        {
            "name": "twbs/bootstrap",
            "version": "v4.0.0-alpha.5",
            "source": {
                "type": "git",
                "url": "https://github.com/twbs/bootstrap.git",
                "reference": "b5890e0608ad2262cde4a38e90afa19f1cb5d852"
            },
            "dist": {
                "type": "zip",
                "url": "https://api.github.com/repos/twbs/bootstrap/zipball/b5890e0608ad2262cde4a38e90afa19f1cb5d852",
                "reference": "b5890e0608ad2262cde4a38e90afa19f1cb5d852",
                "shasum": ""
            },
            "replace": {
                "twitter/bootstrap": "self.version"
            },
            "type": "library",
            "extra": {
                "branch-alias": {
                    "dev-master": "3.3.x-dev"
                }
            },
            "notification-url": "https://packagist.org/downloads/",
            "license": [
                "MIT"
            ],
            "authors": [
                {
                    "name": "Jacob Thornton",
                    "email": "jacobthornton@gmail.com"
                },
                {
                    "name": "Mark Otto",
                    "email": "markdotto@gmail.com"
                }
            ],
            "description": "The most popular front-end framework for developing responsive, mobile first projects on the web.",
            "homepage": "https://getbootstrap.com",
            "keywords": [
                "JS",
                "css",
                "framework",
                "front-end",
                "mobile-first",
                "responsive",
                "sass",
                "web"
            ],
            "time": "2016-10-19 15:30:27"
        }
    ],
    "packages-dev": [],
    "aliases": [],
    "minimum-stability": "stable",
    "stability-flags": {
        "twbs/bootstrap": 15,
        "simple-validator/simple-validator": 20
    },
    "prefer-stable": false,
    "prefer-lowest": false,
    "platform": [],
    "platform-dev": []
}
